{
  "version": 4,
  "terraform_version": "1.5.7",
  "serial": 33,
  "lineage": "6ab460dd-69aa-6fc7-37dc-ead2e4090ad6",
  "outputs": {},
  "resources": [
    {
      "mode": "data",
      "type": "google_project",
      "name": "dev_project",
      "provider": "provider[\"registry.terraform.io/hashicorp/google\"]",
      "instances": [
        {
          "schema_version": 0,
          "attributes": {
            "auto_create_network": null,
            "billing_account": "012761-0D2F3D-499DCA",
            "deletion_policy": "PREVENT",
            "effective_labels": {
              "fleet": "medium_extra"
            },
            "folder_id": "631960049652",
            "id": "projects/qwiklabs-gcp-00-711bd94ee4d6",
            "labels": {
              "fleet": "medium_extra"
            },
            "name": "qwiklabs-gcp-00-711bd94ee4d6",
            "number": "945672801694",
            "org_id": "",
            "project_id": "qwiklabs-gcp-00-711bd94ee4d6",
            "tags": null,
            "terraform_labels": {
              "fleet": "medium_extra"
            }
          },
          "sensitive_attributes": []
        }
      ]
    },
    {
      "mode": "managed",
      "type": "google_bigquery_dataset",
      "name": "feedback_dataset",
      "provider": "provider[\"registry.terraform.io/hashicorp/google\"]",
      "instances": [
        {
          "schema_version": 0,
          "attributes": {
            "access": [
              {
                "condition": [],
                "dataset": [],
                "domain": "",
                "group_by_email": "",
                "iam_member": "",
                "role": "OWNER",
                "routine": [],
                "special_group": "",
                "user_by_email": "student-04-d09b43901996@qwiklabs.net",
                "view": []
              },
              {
                "condition": [],
                "dataset": [],
                "domain": "",
                "group_by_email": "",
                "iam_member": "",
                "role": "OWNER",
                "routine": [],
                "special_group": "projectOwners",
                "user_by_email": "",
                "view": []
              },
              {
                "condition": [],
                "dataset": [],
                "domain": "",
                "group_by_email": "",
                "iam_member": "",
                "role": "READER",
                "routine": [],
                "special_group": "projectReaders",
                "user_by_email": "",
                "view": []
              },
              {
                "condition": [],
                "dataset": [],
                "domain": "",
                "group_by_email": "",
                "iam_member": "",
                "role": "WRITER",
                "routine": [],
                "special_group": "projectWriters",
                "user_by_email": "",
                "view": []
              }
            ],
            "creation_time": 1758283187925,
            "dataset_id": "travel_planner_adk_base_feedback",
            "default_collation": "",
            "default_encryption_configuration": [],
            "default_partition_expiration_ms": 0,
            "default_table_expiration_ms": 0,
            "delete_contents_on_destroy": false,
            "description": "",
            "effective_labels": {
              "goog-terraform-provisioned": "true"
            },
            "etag": "JEjoYKPuY6XE+K4U668QLg==",
            "external_catalog_dataset_options": [],
            "external_dataset_reference": [],
            "friendly_name": "travel-planner-adk-base_feedback",
            "id": "projects/qwiklabs-gcp-00-711bd94ee4d6/datasets/travel_planner_adk_base_feedback",
            "is_case_insensitive": false,
            "labels": null,
            "last_modified_time": 1758283187925,
            "location": "us-central1",
            "max_time_travel_hours": "168",
            "project": "qwiklabs-gcp-00-711bd94ee4d6",
            "resource_tags": null,
            "self_link": "https://bigquery.googleapis.com/bigquery/v2/projects/qwiklabs-gcp-00-711bd94ee4d6/datasets/travel_planner_adk_base_feedback",
            "storage_billing_model": "",
            "terraform_labels": {
              "goog-terraform-provisioned": "true"
            },
            "timeouts": null
          },
          "sensitive_attributes": [],
          "private": "eyJlMmJmYjczMC1lY2FhLTExZTYtOGY4OC0zNDM2M2JjN2M0YzAiOnsiY3JlYXRlIjoxMjAwMDAwMDAwMDAwLCJkZWxldGUiOjEyMDAwMDAwMDAwMDAsInVwZGF0ZSI6MTIwMDAwMDAwMDAwMH19",
          "dependencies": [
            "google_project_service.services"
          ]
        }
      ]
    },
    {
      "mode": "managed",
      "type": "google_bigquery_dataset",
      "name": "telemetry_logs_dataset",
      "provider": "provider[\"registry.terraform.io/hashicorp/google\"]",
      "instances": [
        {
          "schema_version": 0,
          "attributes": {
            "access": [
              {
                "condition": [],
                "dataset": [],
                "domain": "",
                "group_by_email": "",
                "iam_member": "",
                "role": "OWNER",
                "routine": [],
                "special_group": "",
                "user_by_email": "student-04-d09b43901996@qwiklabs.net",
                "view": []
              },
              {
                "condition": [],
                "dataset": [],
                "domain": "",
                "group_by_email": "",
                "iam_member": "",
                "role": "OWNER",
                "routine": [],
                "special_group": "projectOwners",
                "user_by_email": "",
                "view": []
              },
              {
                "condition": [],
                "dataset": [],
                "domain": "",
                "group_by_email": "",
                "iam_member": "",
                "role": "READER",
                "routine": [],
                "special_group": "projectReaders",
                "user_by_email": "",
                "view": []
              },
              {
                "condition": [],
                "dataset": [],
                "domain": "",
                "group_by_email": "",
                "iam_member": "",
                "role": "WRITER",
                "routine": [],
                "special_group": "projectWriters",
                "user_by_email": "",
                "view": []
              }
            ],
            "creation_time": 1758283189032,
            "dataset_id": "travel_planner_adk_base_telemetry",
            "default_collation": "",
            "default_encryption_configuration": [],
            "default_partition_expiration_ms": 0,
            "default_table_expiration_ms": 0,
            "delete_contents_on_destroy": false,
            "description": "",
            "effective_labels": {
              "goog-terraform-provisioned": "true"
            },
            "etag": "QnQvBy9Tx8IG6Quz0lvPkA==",
            "external_catalog_dataset_options": [],
            "external_dataset_reference": [],
            "friendly_name": "travel-planner-adk-base_telemetry",
            "id": "projects/qwiklabs-gcp-00-711bd94ee4d6/datasets/travel_planner_adk_base_telemetry",
            "is_case_insensitive": false,
            "labels": null,
            "last_modified_time": 1758283189032,
            "location": "us-central1",
            "max_time_travel_hours": "168",
            "project": "qwiklabs-gcp-00-711bd94ee4d6",
            "resource_tags": null,
            "self_link": "https://bigquery.googleapis.com/bigquery/v2/projects/qwiklabs-gcp-00-711bd94ee4d6/datasets/travel_planner_adk_base_telemetry",
            "storage_billing_model": "",
            "terraform_labels": {
              "goog-terraform-provisioned": "true"
            },
            "timeouts": null
          },
          "sensitive_attributes": [],
          "private": "eyJlMmJmYjczMC1lY2FhLTExZTYtOGY4OC0zNDM2M2JjN2M0YzAiOnsiY3JlYXRlIjoxMjAwMDAwMDAwMDAwLCJkZWxldGUiOjEyMDAwMDAwMDAwMDAsInVwZGF0ZSI6MTIwMDAwMDAwMDAwMH19",
          "dependencies": [
            "google_project_service.services"
          ]
        }
      ]
    },
    {
      "mode": "managed",
      "type": "google_project_iam_member",
      "name": "app_sa_roles",
      "provider": "provider[\"registry.terraform.io/hashicorp/google\"]",
      "instances": [
        {
          "index_key": "dev,roles/aiplatform.user",
          "schema_version": 0,
          "attributes": {
            "condition": [],
            "etag": "BwY/JjZD9FE=",
            "id": "qwiklabs-gcp-00-711bd94ee4d6/roles/aiplatform.user/serviceAccount:travel-planner-adk-base-app@qwiklabs-gcp-00-711bd94ee4d6.iam.gserviceaccount.com",
            "member": "serviceAccount:travel-planner-adk-base-app@qwiklabs-gcp-00-711bd94ee4d6.iam.gserviceaccount.com",
            "project": "qwiklabs-gcp-00-711bd94ee4d6",
            "role": "roles/aiplatform.user"
          },
          "sensitive_attributes": [],
          "private": "bnVsbA==",
          "dependencies": [
            "google_project_service.services",
            "google_service_account.app_sa"
          ]
        },
        {
          "index_key": "dev,roles/cloudtrace.agent",
          "schema_version": 0,
          "attributes": {
            "condition": [],
            "etag": "BwY/JjZD9FE=",
            "id": "qwiklabs-gcp-00-711bd94ee4d6/roles/cloudtrace.agent/serviceAccount:travel-planner-adk-base-app@qwiklabs-gcp-00-711bd94ee4d6.iam.gserviceaccount.com",
            "member": "serviceAccount:travel-planner-adk-base-app@qwiklabs-gcp-00-711bd94ee4d6.iam.gserviceaccount.com",
            "project": "qwiklabs-gcp-00-711bd94ee4d6",
            "role": "roles/cloudtrace.agent"
          },
          "sensitive_attributes": [],
          "private": "bnVsbA==",
          "dependencies": [
            "google_project_service.services",
            "google_service_account.app_sa"
          ]
        },
        {
          "index_key": "dev,roles/discoveryengine.editor",
          "schema_version": 0,
          "attributes": {
            "condition": [],
            "etag": "BwY/JjZD9FE=",
            "id": "qwiklabs-gcp-00-711bd94ee4d6/roles/discoveryengine.editor/serviceAccount:travel-planner-adk-base-app@qwiklabs-gcp-00-711bd94ee4d6.iam.gserviceaccount.com",
            "member": "serviceAccount:travel-planner-adk-base-app@qwiklabs-gcp-00-711bd94ee4d6.iam.gserviceaccount.com",
            "project": "qwiklabs-gcp-00-711bd94ee4d6",
            "role": "roles/discoveryengine.editor"
          },
          "sensitive_attributes": [],
          "private": "bnVsbA==",
          "dependencies": [
            "google_project_service.services",
            "google_service_account.app_sa"
          ]
        },
        {
          "index_key": "dev,roles/logging.logWriter",
          "schema_version": 0,
          "attributes": {
            "condition": [],
            "etag": "BwY/JjZD9FE=",
            "id": "qwiklabs-gcp-00-711bd94ee4d6/roles/logging.logWriter/serviceAccount:travel-planner-adk-base-app@qwiklabs-gcp-00-711bd94ee4d6.iam.gserviceaccount.com",
            "member": "serviceAccount:travel-planner-adk-base-app@qwiklabs-gcp-00-711bd94ee4d6.iam.gserviceaccount.com",
            "project": "qwiklabs-gcp-00-711bd94ee4d6",
            "role": "roles/logging.logWriter"
          },
          "sensitive_attributes": [],
          "private": "bnVsbA==",
          "dependencies": [
            "google_project_service.services",
            "google_service_account.app_sa"
          ]
        },
        {
          "index_key": "dev,roles/serviceusage.serviceUsageConsumer",
          "schema_version": 0,
          "attributes": {
            "condition": [],
            "etag": "BwY/JjZD9FE=",
            "id": "qwiklabs-gcp-00-711bd94ee4d6/roles/serviceusage.serviceUsageConsumer/serviceAccount:travel-planner-adk-base-app@qwiklabs-gcp-00-711bd94ee4d6.iam.gserviceaccount.com",
            "member": "serviceAccount:travel-planner-adk-base-app@qwiklabs-gcp-00-711bd94ee4d6.iam.gserviceaccount.com",
            "project": "qwiklabs-gcp-00-711bd94ee4d6",
            "role": "roles/serviceusage.serviceUsageConsumer"
          },
          "sensitive_attributes": [],
          "private": "bnVsbA==",
          "dependencies": [
            "google_project_service.services",
            "google_service_account.app_sa"
          ]
        },
        {
          "index_key": "dev,roles/storage.admin",
          "schema_version": 0,
          "attributes": {
            "condition": [],
            "etag": "BwY/JjZD9FE=",
            "id": "qwiklabs-gcp-00-711bd94ee4d6/roles/storage.admin/serviceAccount:travel-planner-adk-base-app@qwiklabs-gcp-00-711bd94ee4d6.iam.gserviceaccount.com",
            "member": "serviceAccount:travel-planner-adk-base-app@qwiklabs-gcp-00-711bd94ee4d6.iam.gserviceaccount.com",
            "project": "qwiklabs-gcp-00-711bd94ee4d6",
            "role": "roles/storage.admin"
          },
          "sensitive_attributes": [],
          "private": "bnVsbA==",
          "dependencies": [
            "google_project_service.services",
            "google_service_account.app_sa"
          ]
        }
      ]
    },
    {
      "mode": "managed",
      "type": "google_project_iam_member",
      "name": "bigquery_data_editor",
      "provider": "provider[\"registry.terraform.io/hashicorp/google\"]",
      "instances": [
        {
          "schema_version": 0,
          "attributes": {
            "condition": [],
            "etag": "BwY/JjWqSIU=",
            "id": "qwiklabs-gcp-00-711bd94ee4d6/roles/bigquery.dataEditor/serviceAccount:service-945672801694@gcp-sa-logging.iam.gserviceaccount.com",
            "member": "serviceAccount:service-945672801694@gcp-sa-logging.iam.gserviceaccount.com",
            "project": "qwiklabs-gcp-00-711bd94ee4d6",
            "role": "roles/bigquery.dataEditor"
          },
          "sensitive_attributes": [],
          "private": "bnVsbA==",
          "dependencies": [
            "google_bigquery_dataset.telemetry_logs_dataset",
            "google_project_service.services",
            "module.log_export_to_bigquery.google_logging_billing_account_sink.sink",
            "module.log_export_to_bigquery.google_logging_folder_sink.sink",
            "module.log_export_to_bigquery.google_logging_organization_sink.sink",
            "module.log_export_to_bigquery.google_logging_project_sink.sink"
          ]
        }
      ]
    },
    {
      "mode": "managed",
      "type": "google_project_iam_member",
      "name": "default_compute_sa_storage_object_creator",
      "provider": "provider[\"registry.terraform.io/hashicorp/google\"]",
      "instances": [
        {
          "schema_version": 0,
          "attributes": {
            "condition": [],
            "etag": "BwY/JjUhwns=",
            "id": "qwiklabs-gcp-00-711bd94ee4d6/roles/cloudbuild.builds.builder/serviceAccount:945672801694-compute@developer.gserviceaccount.com",
            "member": "serviceAccount:945672801694-compute@developer.gserviceaccount.com",
            "project": "qwiklabs-gcp-00-711bd94ee4d6",
            "role": "roles/cloudbuild.builds.builder"
          },
          "sensitive_attributes": [],
          "private": "bnVsbA==",
          "dependencies": [
            "data.google_project.dev_project",
            "google_project_service.services"
          ]
        }
      ]
    },
    {
      "mode": "managed",
      "type": "google_project_iam_member",
      "name": "vertex_ai_sa_permissions",
      "provider": "provider[\"registry.terraform.io/hashicorp/google\"]",
      "instances": [
        {
          "index_key": "dev,roles/aiplatform.user",
          "schema_version": 0,
          "attributes": {
            "condition": [],
            "etag": "BwY/JjUhwns=",
            "id": "qwiklabs-gcp-00-711bd94ee4d6/roles/aiplatform.user/serviceAccount:service-945672801694@gcp-sa-aiplatform.iam.gserviceaccount.com",
            "member": "serviceAccount:service-945672801694@gcp-sa-aiplatform.iam.gserviceaccount.com",
            "project": "qwiklabs-gcp-00-711bd94ee4d6",
            "role": "roles/aiplatform.user"
          },
          "sensitive_attributes": [],
          "private": "bnVsbA==",
          "dependencies": [
            "google_project_service.services",
            "google_project_service_identity.vertex_sa"
          ]
        },
        {
          "index_key": "dev,roles/cloudtrace.agent",
          "schema_version": 0,
          "attributes": {
            "condition": [],
            "etag": "BwY/JjUhwns=",
            "id": "qwiklabs-gcp-00-711bd94ee4d6/roles/cloudtrace.agent/serviceAccount:service-945672801694@gcp-sa-aiplatform.iam.gserviceaccount.com",
            "member": "serviceAccount:service-945672801694@gcp-sa-aiplatform.iam.gserviceaccount.com",
            "project": "qwiklabs-gcp-00-711bd94ee4d6",
            "role": "roles/cloudtrace.agent"
          },
          "sensitive_attributes": [],
          "private": "bnVsbA==",
          "dependencies": [
            "google_project_service.services",
            "google_project_service_identity.vertex_sa"
          ]
        },
        {
          "index_key": "dev,roles/discoveryengine.editor",
          "schema_version": 0,
          "attributes": {
            "condition": [],
            "etag": "BwY/JjUhwns=",
            "id": "qwiklabs-gcp-00-711bd94ee4d6/roles/discoveryengine.editor/serviceAccount:service-945672801694@gcp-sa-aiplatform.iam.gserviceaccount.com",
            "member": "serviceAccount:service-945672801694@gcp-sa-aiplatform.iam.gserviceaccount.com",
            "project": "qwiklabs-gcp-00-711bd94ee4d6",
            "role": "roles/discoveryengine.editor"
          },
          "sensitive_attributes": [],
          "private": "bnVsbA==",
          "dependencies": [
            "google_project_service.services",
            "google_project_service_identity.vertex_sa"
          ]
        },
        {
          "index_key": "dev,roles/logging.logWriter",
          "schema_version": 0,
          "attributes": {
            "condition": [],
            "etag": "BwY/JjUhwns=",
            "id": "qwiklabs-gcp-00-711bd94ee4d6/roles/logging.logWriter/serviceAccount:service-945672801694@gcp-sa-aiplatform.iam.gserviceaccount.com",
            "member": "serviceAccount:service-945672801694@gcp-sa-aiplatform.iam.gserviceaccount.com",
            "project": "qwiklabs-gcp-00-711bd94ee4d6",
            "role": "roles/logging.logWriter"
          },
          "sensitive_attributes": [],
          "private": "bnVsbA==",
          "dependencies": [
            "google_project_service.services",
            "google_project_service_identity.vertex_sa"
          ]
        },
        {
          "index_key": "dev,roles/serviceusage.serviceUsageConsumer",
          "schema_version": 0,
          "attributes": {
            "condition": [],
            "etag": "BwY/JjUhwns=",
            "id": "qwiklabs-gcp-00-711bd94ee4d6/roles/serviceusage.serviceUsageConsumer/serviceAccount:service-945672801694@gcp-sa-aiplatform.iam.gserviceaccount.com",
            "member": "serviceAccount:service-945672801694@gcp-sa-aiplatform.iam.gserviceaccount.com",
            "project": "qwiklabs-gcp-00-711bd94ee4d6",
            "role": "roles/serviceusage.serviceUsageConsumer"
          },
          "sensitive_attributes": [],
          "private": "bnVsbA==",
          "dependencies": [
            "google_project_service.services",
            "google_project_service_identity.vertex_sa"
          ]
        },
        {
          "index_key": "dev,roles/storage.admin",
          "schema_version": 0,
          "attributes": {
            "condition": [],
            "etag": "BwY/JjUhwns=",
            "id": "qwiklabs-gcp-00-711bd94ee4d6/roles/storage.admin/serviceAccount:service-945672801694@gcp-sa-aiplatform.iam.gserviceaccount.com",
            "member": "serviceAccount:service-945672801694@gcp-sa-aiplatform.iam.gserviceaccount.com",
            "project": "qwiklabs-gcp-00-711bd94ee4d6",
            "role": "roles/storage.admin"
          },
          "sensitive_attributes": [],
          "private": "bnVsbA==",
          "dependencies": [
            "google_project_service.services",
            "google_project_service_identity.vertex_sa"
          ]
        }
      ]
    },
    {
      "mode": "managed",
      "type": "google_project_service",
      "name": "services",
      "provider": "provider[\"registry.terraform.io/hashicorp/google\"]",
      "instances": [
        {
          "index_key": 0,
          "schema_version": 0,
          "attributes": {
            "disable_dependent_services": null,
            "disable_on_destroy": false,
            "id": "qwiklabs-gcp-00-711bd94ee4d6/aiplatform.googleapis.com",
            "project": "qwiklabs-gcp-00-711bd94ee4d6",
            "service": "aiplatform.googleapis.com",
            "timeouts": null
          },
          "sensitive_attributes": [],
          "private": "eyJlMmJmYjczMC1lY2FhLTExZTYtOGY4OC0zNDM2M2JjN2M0YzAiOnsiY3JlYXRlIjoxMjAwMDAwMDAwMDAwLCJkZWxldGUiOjEyMDAwMDAwMDAwMDAsInJlYWQiOjYwMDAwMDAwMDAwMCwidXBkYXRlIjoxMjAwMDAwMDAwMDAwfX0="
        },
        {
          "index_key": 1,
          "schema_version": 0,
          "attributes": {
            "disable_dependent_services": null,
            "disable_on_destroy": false,
            "id": "qwiklabs-gcp-00-711bd94ee4d6/cloudbuild.googleapis.com",
            "project": "qwiklabs-gcp-00-711bd94ee4d6",
            "service": "cloudbuild.googleapis.com",
            "timeouts": null
          },
          "sensitive_attributes": [],
          "private": "eyJlMmJmYjczMC1lY2FhLTExZTYtOGY4OC0zNDM2M2JjN2M0YzAiOnsiY3JlYXRlIjoxMjAwMDAwMDAwMDAwLCJkZWxldGUiOjEyMDAwMDAwMDAwMDAsInJlYWQiOjYwMDAwMDAwMDAwMCwidXBkYXRlIjoxMjAwMDAwMDAwMDAwfX0="
        },
        {
          "index_key": 2,
          "schema_version": 0,
          "attributes": {
            "disable_dependent_services": null,
            "disable_on_destroy": false,
            "id": "qwiklabs-gcp-00-711bd94ee4d6/run.googleapis.com",
            "project": "qwiklabs-gcp-00-711bd94ee4d6",
            "service": "run.googleapis.com",
            "timeouts": null
          },
          "sensitive_attributes": [],
          "private": "eyJlMmJmYjczMC1lY2FhLTExZTYtOGY4OC0zNDM2M2JjN2M0YzAiOnsiY3JlYXRlIjoxMjAwMDAwMDAwMDAwLCJkZWxldGUiOjEyMDAwMDAwMDAwMDAsInJlYWQiOjYwMDAwMDAwMDAwMCwidXBkYXRlIjoxMjAwMDAwMDAwMDAwfX0="
        },
        {
          "index_key": 3,
          "schema_version": 0,
          "attributes": {
            "disable_dependent_services": null,
            "disable_on_destroy": false,
            "id": "qwiklabs-gcp-00-711bd94ee4d6/bigquery.googleapis.com",
            "project": "qwiklabs-gcp-00-711bd94ee4d6",
            "service": "bigquery.googleapis.com",
            "timeouts": null
          },
          "sensitive_attributes": [],
          "private": "eyJlMmJmYjczMC1lY2FhLTExZTYtOGY4OC0zNDM2M2JjN2M0YzAiOnsiY3JlYXRlIjoxMjAwMDAwMDAwMDAwLCJkZWxldGUiOjEyMDAwMDAwMDAwMDAsInJlYWQiOjYwMDAwMDAwMDAwMCwidXBkYXRlIjoxMjAwMDAwMDAwMDAwfX0="
        },
        {
          "index_key": 4,
          "schema_version": 0,
          "attributes": {
            "disable_dependent_services": null,
            "disable_on_destroy": false,
            "id": "qwiklabs-gcp-00-711bd94ee4d6/discoveryengine.googleapis.com",
            "project": "qwiklabs-gcp-00-711bd94ee4d6",
            "service": "discoveryengine.googleapis.com",
            "timeouts": null
          },
          "sensitive_attributes": [],
          "private": "eyJlMmJmYjczMC1lY2FhLTExZTYtOGY4OC0zNDM2M2JjN2M0YzAiOnsiY3JlYXRlIjoxMjAwMDAwMDAwMDAwLCJkZWxldGUiOjEyMDAwMDAwMDAwMDAsInJlYWQiOjYwMDAwMDAwMDAwMCwidXBkYXRlIjoxMjAwMDAwMDAwMDAwfX0="
        },
        {
          "index_key": 5,
          "schema_version": 0,
          "attributes": {
            "disable_dependent_services": null,
            "disable_on_destroy": false,
            "id": "qwiklabs-gcp-00-711bd94ee4d6/cloudresourcemanager.googleapis.com",
            "project": "qwiklabs-gcp-00-711bd94ee4d6",
            "service": "cloudresourcemanager.googleapis.com",
            "timeouts": null
          },
          "sensitive_attributes": [],
          "private": "eyJlMmJmYjczMC1lY2FhLTExZTYtOGY4OC0zNDM2M2JjN2M0YzAiOnsiY3JlYXRlIjoxMjAwMDAwMDAwMDAwLCJkZWxldGUiOjEyMDAwMDAwMDAwMDAsInJlYWQiOjYwMDAwMDAwMDAwMCwidXBkYXRlIjoxMjAwMDAwMDAwMDAwfX0="
        },
        {
          "index_key": 6,
          "schema_version": 0,
          "attributes": {
            "disable_dependent_services": null,
            "disable_on_destroy": false,
            "id": "qwiklabs-gcp-00-711bd94ee4d6/iam.googleapis.com",
            "project": "qwiklabs-gcp-00-711bd94ee4d6",
            "service": "iam.googleapis.com",
            "timeouts": null
          },
          "sensitive_attributes": [],
          "private": "eyJlMmJmYjczMC1lY2FhLTExZTYtOGY4OC0zNDM2M2JjN2M0YzAiOnsiY3JlYXRlIjoxMjAwMDAwMDAwMDAwLCJkZWxldGUiOjEyMDAwMDAwMDAwMDAsInJlYWQiOjYwMDAwMDAwMDAwMCwidXBkYXRlIjoxMjAwMDAwMDAwMDAwfX0="
        },
        {
          "index_key": 7,
          "schema_version": 0,
          "attributes": {
            "disable_dependent_services": null,
            "disable_on_destroy": false,
            "id": "qwiklabs-gcp-00-711bd94ee4d6/bigquery.googleapis.com",
            "project": "qwiklabs-gcp-00-711bd94ee4d6",
            "service": "bigquery.googleapis.com",
            "timeouts": null
          },
          "sensitive_attributes": [],
          "private": "eyJlMmJmYjczMC1lY2FhLTExZTYtOGY4OC0zNDM2M2JjN2M0YzAiOnsiY3JlYXRlIjoxMjAwMDAwMDAwMDAwLCJkZWxldGUiOjEyMDAwMDAwMDAwMDAsInJlYWQiOjYwMDAwMDAwMDAwMCwidXBkYXRlIjoxMjAwMDAwMDAwMDAwfX0="
        },
        {
          "index_key": 8,
          "schema_version": 0,
          "attributes": {
            "disable_dependent_services": null,
            "disable_on_destroy": false,
            "id": "qwiklabs-gcp-00-711bd94ee4d6/serviceusage.googleapis.com",
            "project": "qwiklabs-gcp-00-711bd94ee4d6",
            "service": "serviceusage.googleapis.com",
            "timeouts": null
          },
          "sensitive_attributes": [],
          "private": "eyJlMmJmYjczMC1lY2FhLTExZTYtOGY4OC0zNDM2M2JjN2M0YzAiOnsiY3JlYXRlIjoxMjAwMDAwMDAwMDAwLCJkZWxldGUiOjEyMDAwMDAwMDAwMDAsInJlYWQiOjYwMDAwMDAwMDAwMCwidXBkYXRlIjoxMjAwMDAwMDAwMDAwfX0="
        },
        {
          "index_key": 9,
          "schema_version": 0,
          "attributes": {
            "disable_dependent_services": null,
            "disable_on_destroy": false,
            "id": "qwiklabs-gcp-00-711bd94ee4d6/logging.googleapis.com",
            "project": "qwiklabs-gcp-00-711bd94ee4d6",
            "service": "logging.googleapis.com",
            "timeouts": null
          },
          "sensitive_attributes": [],
          "private": "eyJlMmJmYjczMC1lY2FhLTExZTYtOGY4OC0zNDM2M2JjN2M0YzAiOnsiY3JlYXRlIjoxMjAwMDAwMDAwMDAwLCJkZWxldGUiOjEyMDAwMDAwMDAwMDAsInJlYWQiOjYwMDAwMDAwMDAwMCwidXBkYXRlIjoxMjAwMDAwMDAwMDAwfX0="
        },
        {
          "index_key": 10,
          "schema_version": 0,
          "attributes": {
            "disable_dependent_services": null,
            "disable_on_destroy": false,
            "id": "qwiklabs-gcp-00-711bd94ee4d6/cloudtrace.googleapis.com",
            "project": "qwiklabs-gcp-00-711bd94ee4d6",
            "service": "cloudtrace.googleapis.com",
            "timeouts": null
          },
          "sensitive_attributes": [],
          "private": "eyJlMmJmYjczMC1lY2FhLTExZTYtOGY4OC0zNDM2M2JjN2M0YzAiOnsiY3JlYXRlIjoxMjAwMDAwMDAwMDAwLCJkZWxldGUiOjEyMDAwMDAwMDAwMDAsInJlYWQiOjYwMDAwMDAwMDAwMCwidXBkYXRlIjoxMjAwMDAwMDAwMDAwfX0="
        }
      ]
    },
    {
      "mode": "managed",
      "type": "google_project_service_identity",
      "name": "vertex_sa",
      "provider": "provider[\"registry.terraform.io/hashicorp/google-beta\"]",
      "instances": [
        {
          "schema_version": 0,
          "attributes": {
            "email": "service-945672801694@gcp-sa-aiplatform.iam.gserviceaccount.com",
            "id": "projects/qwiklabs-gcp-00-711bd94ee4d6/services/aiplatform.googleapis.com",
            "member": "serviceAccount:service-945672801694@gcp-sa-aiplatform.iam.gserviceaccount.com",
            "project": "qwiklabs-gcp-00-711bd94ee4d6",
            "service": "aiplatform.googleapis.com",
            "timeouts": null
          },
          "sensitive_attributes": [],
          "private": "eyJlMmJmYjczMC1lY2FhLTExZTYtOGY4OC0zNDM2M2JjN2M0YzAiOnsiY3JlYXRlIjoxMjAwMDAwMDAwMDAwLCJkZWxldGUiOjEyMDAwMDAwMDAwMDAsInJlYWQiOjYwMDAwMDAwMDAwMH19"
        }
      ]
    },
    {
      "mode": "managed",
      "type": "google_service_account",
      "name": "app_sa",
      "provider": "provider[\"registry.terraform.io/hashicorp/google\"]",
      "instances": [
        {
          "schema_version": 0,
          "attributes": {
            "account_id": "travel-planner-adk-base-app",
            "create_ignore_already_exists": null,
            "description": "",
            "disabled": false,
            "display_name": "travel-planner-adk-base Agent Service Account",
            "email": "travel-planner-adk-base-app@qwiklabs-gcp-00-711bd94ee4d6.iam.gserviceaccount.com",
            "id": "projects/qwiklabs-gcp-00-711bd94ee4d6/serviceAccounts/travel-planner-adk-base-app@qwiklabs-gcp-00-711bd94ee4d6.iam.gserviceaccount.com",
            "member": "serviceAccount:travel-planner-adk-base-app@qwiklabs-gcp-00-711bd94ee4d6.iam.gserviceaccount.com",
            "name": "projects/qwiklabs-gcp-00-711bd94ee4d6/serviceAccounts/travel-planner-adk-base-app@qwiklabs-gcp-00-711bd94ee4d6.iam.gserviceaccount.com",
            "project": "qwiklabs-gcp-00-711bd94ee4d6",
            "timeouts": null,
            "unique_id": "108068788544038105732"
          },
          "sensitive_attributes": [],
          "private": "eyJlMmJmYjczMC1lY2FhLTExZTYtOGY4OC0zNDM2M2JjN2M0YzAiOnsiY3JlYXRlIjozMDAwMDAwMDAwMDB9fQ==",
          "dependencies": [
            "google_project_service.services"
          ]
        }
      ]
    },
    {
      "mode": "managed",
      "type": "google_storage_bucket",
      "name": "logs_data_bucket",
      "provider": "provider[\"registry.terraform.io/hashicorp/google\"]",
      "instances": [
        {
          "schema_version": 3,
          "attributes": {
            "autoclass": [],
            "cors": [],
            "custom_placement_config": [],
            "default_event_based_hold": false,
            "effective_labels": {
              "goog-terraform-provisioned": "true"
            },
            "enable_object_retention": false,
            "encryption": [],
            "force_destroy": false,
            "hierarchical_namespace": [
              {
                "enabled": false
              }
            ],
            "id": "qwiklabs-gcp-00-711bd94ee4d6-travel-planner-adk-base-logs-data",
            "ip_filter": [],
            "labels": null,
            "lifecycle_rule": [],
            "location": "US-CENTRAL1",
            "logging": [],
            "name": "qwiklabs-gcp-00-711bd94ee4d6-travel-planner-adk-base-logs-data",
            "project": "qwiklabs-gcp-00-711bd94ee4d6",
            "project_number": 945672801694,
            "public_access_prevention": "inherited",
            "requester_pays": false,
            "retention_policy": [],
            "rpo": null,
            "self_link": "https://www.googleapis.com/storage/v1/b/qwiklabs-gcp-00-711bd94ee4d6-travel-planner-adk-base-logs-data",
            "soft_delete_policy": [
              {
                "effective_time": "2025-09-19T11:59:48.079Z",
                "retention_duration_seconds": 604800
              }
            ],
            "storage_class": "STANDARD",
            "terraform_labels": {
              "goog-terraform-provisioned": "true"
            },
            "time_created": "2025-09-19T11:59:48.079Z",
            "timeouts": null,
            "uniform_bucket_level_access": true,
            "updated": "2025-09-19T11:59:48.079Z",
            "url": "gs://qwiklabs-gcp-00-711bd94ee4d6-travel-planner-adk-base-logs-data",
            "versioning": [],
            "website": []
          },
          "sensitive_attributes": [],
          "private": "eyJlMmJmYjczMC1lY2FhLTExZTYtOGY4OC0zNDM2M2JjN2M0YzAiOnsiY3JlYXRlIjo2MDAwMDAwMDAwMDAsInJlYWQiOjI0MDAwMDAwMDAwMCwidXBkYXRlIjoyNDAwMDAwMDAwMDB9LCJzY2hlbWFfdmVyc2lvbiI6IjMifQ==",
          "dependencies": [
            "google_project_service.services"
          ]
        }
      ]
    },
    {
      "module": "module.feedback_export_to_bigquery",
      "mode": "managed",
      "type": "google_logging_project_sink",
      "name": "sink",
      "provider": "provider[\"registry.terraform.io/hashicorp/google\"]",
      "instances": [
        {
          "index_key": 0,
          "schema_version": 0,
          "attributes": {
            "bigquery_options": [
              {
                "use_partitioned_tables": true
              }
            ],
            "custom_writer_identity": null,
            "description": "",
            "destination": "bigquery.googleapis.com/projects/qwiklabs-gcp-00-711bd94ee4d6/datasets/travel_planner_adk_base_feedback",
            "disabled": false,
            "exclusions": [],
            "filter": "jsonPayload.log_type=\"feedback\" jsonPayload.service_name=\"travel-planner-adk-base\"",
            "id": "projects/qwiklabs-gcp-00-711bd94ee4d6/sinks/travel-planner-adk-base_feedback",
            "name": "travel-planner-adk-base_feedback",
            "project": "qwiklabs-gcp-00-711bd94ee4d6",
            "unique_writer_identity": true,
            "writer_identity": "serviceAccount:service-945672801694@gcp-sa-logging.iam.gserviceaccount.com"
          },
          "sensitive_attributes": [],
          "private": "bnVsbA==",
          "dependencies": [
            "google_bigquery_dataset.feedback_dataset",
            "google_project_service.services"
          ]
        }
      ]
    },
    {
      "module": "module.log_export_to_bigquery",
      "mode": "managed",
      "type": "google_logging_project_sink",
      "name": "sink",
      "provider": "provider[\"registry.terraform.io/hashicorp/google\"]",
      "instances": [
        {
          "index_key": 0,
          "schema_version": 0,
          "attributes": {
            "bigquery_options": [
              {
                "use_partitioned_tables": true
              }
            ],
            "custom_writer_identity": null,
            "description": "",
            "destination": "bigquery.googleapis.com/projects/qwiklabs-gcp-00-711bd94ee4d6/datasets/travel_planner_adk_base_telemetry",
            "disabled": false,
            "exclusions": [],
            "filter": "labels.service_name=\"travel-planner-adk-base\" labels.type=\"agent_telemetry\"",
            "id": "projects/qwiklabs-gcp-00-711bd94ee4d6/sinks/travel-planner-adk-base_telemetry",
            "name": "travel-planner-adk-base_telemetry",
            "project": "qwiklabs-gcp-00-711bd94ee4d6",
            "unique_writer_identity": true,
            "writer_identity": "serviceAccount:service-945672801694@gcp-sa-logging.iam.gserviceaccount.com"
          },
          "sensitive_attributes": [],
          "private": "bnVsbA==",
          "dependencies": [
            "google_bigquery_dataset.telemetry_logs_dataset",
            "google_project_service.services"
          ]
        }
      ]
    }
  ],
  "check_results": null
}
